
Microsoft Visual Studio Solution File, Format Version 12.00
# Visual Studio 15
Project("{FAE04EC0-301F-11D3-BF4B-00C04F79EFBC}") = "Unity.Timeline", "Unity.Timeline.csproj", "{98295510-E735-93FC-98CF-BACC7F2CBA87}"
EndProject
Project("{FAE04EC0-301F-11D3-BF4B-00C04F79EFBC}") = "Unity.Timeline.Editor", "Unity.Timeline.Editor.csproj", "{D49E57B0-90ED-00B4-B36E-6D6CF258E5E6}"
EndProject
Project("{FAE04EC0-301F-11D3-BF4B-00C04F79EFBC}") = "Unity.TextMeshPro.Editor", "Unity.TextMeshPro.Editor.csproj", "{EF2E1CFE-839E-C18C-ABAA-65F207418220}"
EndProject
Project("{FAE04EC0-301F-11D3-BF4B-00C04F79EFBC}") = "Unity.VisualScripting.Flow", "Unity.VisualScripting.Flow.csproj", "{F3E930EF-A3EA-1C16-A76D-17C38AA41280}"
EndProject
Project("{FAE04EC0-301F-11D3-BF4B-00C04F79EFBC}") = "UnityEditor.UI", "UnityEditor.UI.csproj", "{964BCEB6-7E2B-1FD5-D042-6356927F2D14}"
EndProject
Project("{FAE04EC0-301F-11D3-BF4B-00C04F79EFBC}") = "Unity.ProBuilder", "Unity.ProBuilder.csproj", "{DDA16936-1FEA-7AAA-5284-F8520F1637D5}"
EndProject
Project("{FAE04EC0-301F-11D3-BF4B-00C04F79EFBC}") = "Unity.PlasticSCM.Editor", "Unity.PlasticSCM.Editor.csproj", "{07C4448A-4476-BEC3-15FF-BFB2713F049A}"
EndProject
Project("{FAE04EC0-301F-11D3-BF4B-00C04F79EFBC}") = "Unity.ProBuilder.Editor", "Unity.ProBuilder.Editor.csproj", "{36D95248-73AB-773E-EE55-F2CD5CB165AE}"
EndProject
Project("{FAE04EC0-301F-11D3-BF4B-00C04F79EFBC}") = "Unity.VisualScripting.Core", "Unity.VisualScripting.Core.csproj", "{C1C88F17-6C91-BD6E-08B3-8E669CEC1B26}"
EndProject
Project("{FAE04EC0-301F-11D3-BF4B-00C04F79EFBC}") = "Unity.VisualScripting.Core.Editor", "Unity.VisualScripting.Core.Editor.csproj", "{9B8F0B83-7D62-9CF1-838A-20B424024648}"
EndProject
Project("{FAE04EC0-301F-11D3-BF4B-00C04F79EFBC}") = "Unity.VisualScripting.Flow.Editor", "Unity.VisualScripting.Flow.Editor.csproj", "{AA6F8AFF-992E-15B3-E08C-759480DC1A40}"
EndProject
Project("{FAE04EC0-301F-11D3-BF4B-00C04F79EFBC}") = "UnityEditor.TestRunner", "UnityEditor.TestRunner.csproj", "{CBA9BC35-EC2D-A596-0013-6E8FCFD573F8}"
EndProject
Project("{FAE04EC0-301F-11D3-BF4B-00C04F79EFBC}") = "Unity.ProBuilder.Poly2Tri", "Unity.ProBuilder.Poly2Tri.csproj", "{9697295C-8BC9-00D1-27EA-AA2636770C90}"
EndProject
Project("{FAE04EC0-301F-11D3-BF4B-00C04F79EFBC}") = "Unity.VisualScripting.SettingsProvider.Editor", "Unity.VisualScripting.SettingsProvider.Editor.csproj", "{1B2F92F7-5F68-57B7-5587-B3A388947A19}"
EndProject
Project("{FAE04EC0-301F-11D3-BF4B-00C04F79EFBC}") = "UnityEngine.TestRunner", "UnityEngine.TestRunner.csproj", "{A696582F-ACD2-7017-82C4-87E87E201FAB}"
EndProject
Project("{FAE04EC0-301F-11D3-BF4B-00C04F79EFBC}") = "UnityEngine.UI", "UnityEngine.UI.csproj", "{6C546F79-A7B6-EEBA-DD49-801A658338EB}"
EndProject
Project("{FAE04EC0-301F-11D3-BF4B-00C04F79EFBC}") = "Unity.ProBuilder.Csg", "Unity.ProBuilder.Csg.csproj", "{CAC8909C-C5F3-3F90-A8ED-96430FC164CD}"
EndProject
Project("{FAE04EC0-301F-11D3-BF4B-00C04F79EFBC}") = "Unity.VisualStudio.Editor", "Unity.VisualStudio.Editor.csproj", "{D53CD8C8-9614-3896-C3D8-323C33AF1164}"
EndProject
Project("{FAE04EC0-301F-11D3-BF4B-00C04F79EFBC}") = "Unity.TestTools.CodeCoverage.Editor.OpenCover.Model", "Unity.TestTools.CodeCoverage.Editor.OpenCover.Model.csproj", "{C727C3BD-A251-30F4-6E75-C30118ABDCED}"
EndProject
Project("{FAE04EC0-301F-11D3-BF4B-00C04F79EFBC}") = "Unity.Rider.Editor", "Unity.Rider.Editor.csproj", "{CBA4EE5E-50B9-F6B7-789E-797AE91C14FF}"
EndProject
Project("{FAE04EC0-301F-11D3-BF4B-00C04F79EFBC}") = "Assembly-CSharp", "Assembly-CSharp.csproj", "{319E5AA9-BCD7-BE03-9450-0032D0397AAF}"
EndProject
Project("{FAE04EC0-301F-11D3-BF4B-00C04F79EFBC}") = "Unity.VisualScripting.State.Editor", "Unity.VisualScripting.State.Editor.csproj", "{32F57F57-F134-8DC4-E616-1E7B55C86FA2}"
EndProject
Project("{FAE04EC0-301F-11D3-BF4B-00C04F79EFBC}") = "Unity.TestTools.CodeCoverage.Editor", "Unity.TestTools.CodeCoverage.Editor.csproj", "{2F64155D-C7ED-0F3E-51B3-7A25918BA0AD}"
EndProject
Project("{FAE04EC0-301F-11D3-BF4B-00C04F79EFBC}") = "Unity.VisualScripting.State", "Unity.VisualScripting.State.csproj", "{1ECCDCA4-473D-54E7-831D-BA6F5204F30E}"
EndProject
Project("{FAE04EC0-301F-11D3-BF4B-00C04F79EFBC}") = "Unity.TextMeshPro", "Unity.TextMeshPro.csproj", "{4AEA3E96-61AA-E1D4-C398-FC23E9C65314}"
EndProject
Project("{FAE04EC0-301F-11D3-BF4B-00C04F79EFBC}") = "Unity.Performance.Profile-Analyzer.Editor", "Unity.Performance.Profile-Analyzer.Editor.csproj", "{7DDFC908-4D12-9DE6-6904-662EC12C9AF2}"
EndProject
Project("{FAE04EC0-301F-11D3-BF4B-00C04F79EFBC}") = "Unity.VSCode.Editor", "Unity.VSCode.Editor.csproj", "{5739F579-6197-E386-D512-AED9D5B303CE}"
EndProject
Project("{FAE04EC0-301F-11D3-BF4B-00C04F79EFBC}") = "Unity.Toolchain.Linux-x86_64", "Unity.Toolchain.Linux-x86_64.csproj", "{A3E60BDF-E29F-E091-E733-A7C5A7C4F221}"
EndProject
Project("{FAE04EC0-301F-11D3-BF4B-00C04F79EFBC}") = "Unity.TestTools.CodeCoverage.Editor.OpenCover.Mono.Reflection", "Unity.TestTools.CodeCoverage.Editor.OpenCover.Mono.Reflection.csproj", "{B9D0E87E-8EB4-28F7-DE05-F9219C5E9679}"
EndProject
Project("{FAE04EC0-301F-11D3-BF4B-00C04F79EFBC}") = "Unity.Sysroot.Linux_x86_64", "Unity.Sysroot.Linux_x86_64.csproj", "{AB416908-F970-E274-5BC2-577F21E2B9BD}"
EndProject
Project("{FAE04EC0-301F-11D3-BF4B-00C04F79EFBC}") = "Unity.ProBuilder.Stl", "Unity.ProBuilder.Stl.csproj", "{5D8D14CB-271D-C212-24B4-CB7E3275CB3A}"
EndProject
Project("{FAE04EC0-301F-11D3-BF4B-00C04F79EFBC}") = "Unity.Settings.Editor", "Unity.Settings.Editor.csproj", "{93D2F01E-EB02-2B98-2CDD-F0F9CEDDEE5C}"
EndProject
Project("{FAE04EC0-301F-11D3-BF4B-00C04F79EFBC}") = "Unity.ProBuilder.AssetIdRemapUtility", "Unity.ProBuilder.AssetIdRemapUtility.csproj", "{2801FA2D-CC90-5B59-C2F1-CDEC87DF4FD0}"
EndProject
Project("{FAE04EC0-301F-11D3-BF4B-00C04F79EFBC}") = "Unity.ProBuilder.KdTree", "Unity.ProBuilder.KdTree.csproj", "{926AEE7F-1AFA-E035-C463-52D9DDBA1EFD}"
EndProject
Project("{FAE04EC0-301F-11D3-BF4B-00C04F79EFBC}") = "Unity.ProBuilder.AddOns.Editor", "Unity.ProBuilder.AddOns.Editor.csproj", "{83A58FFC-1A79-CAF8-167B-428191600B0A}"
EndProject
Project("{FAE04EC0-301F-11D3-BF4B-00C04F79EFBC}") = "Unity.EditorCoroutines.Editor", "Unity.EditorCoroutines.Editor.csproj", "{701D0E22-B1F4-4752-4E17-072D5EA27860}"
EndProject
Project("{FAE04EC0-301F-11D3-BF4B-00C04F79EFBC}") = "Unity.SysrootPackage.Editor", "Unity.SysrootPackage.Editor.csproj", "{085CD5CF-232D-FD6B-A222-6C80BAA26426}"
EndProject
Project("{FAE04EC0-301F-11D3-BF4B-00C04F79EFBC}") = "Unity.VisualScripting.Shared.Editor", "Unity.VisualScripting.Shared.Editor.csproj", "{DED3FFC8-CAAB-6149-369D-98D0E9FCC2FC}"
EndProject
Project("{FAE04EC0-301F-11D3-BF4B-00C04F79EFBC}") = "Unity.CollabProxy.Editor", "Unity.CollabProxy.Editor.csproj", "{8A695EA1-E641-9A0B-A437-9355B6DD43BE}"
EndProject
Project("{FAE04EC0-301F-11D3-BF4B-00C04F79EFBC}") = "Unity.Timeline", "Unity.Timeline.Player.csproj", "{684CFAC4-00EC-115F-C93E-106868493D77}"
EndProject
Project("{FAE04EC0-301F-11D3-BF4B-00C04F79EFBC}") = "Unity.VisualScripting.Flow", "Unity.VisualScripting.Flow.Player.csproj", "{851B7D75-5EF1-874E-0E9E-4C2E740D2919}"
EndProject
Project("{FAE04EC0-301F-11D3-BF4B-00C04F79EFBC}") = "Unity.ProBuilder", "Unity.ProBuilder.Player.csproj", "{AB5F8C19-B0DF-4702-44B3-F9CF2D25C92D}"
EndProject
Project("{FAE04EC0-301F-11D3-BF4B-00C04F79EFBC}") = "Unity.VisualScripting.Core", "Unity.VisualScripting.Core.Player.csproj", "{1C93D5B6-3F34-ACB8-0043-A2583CD9AC58}"
EndProject
Project("{FAE04EC0-301F-11D3-BF4B-00C04F79EFBC}") = "Unity.ProBuilder.Poly2Tri", "Unity.ProBuilder.Poly2Tri.Player.csproj", "{4EA36E24-EB97-72A7-17C5-C54EB8EF4A13}"
EndProject
Project("{FAE04EC0-301F-11D3-BF4B-00C04F79EFBC}") = "UnityEngine.TestRunner", "UnityEngine.TestRunner.Player.csproj", "{2C39879B-B3E5-366B-8770-5638A5DFCC9D}"
EndProject
Project("{FAE04EC0-301F-11D3-BF4B-00C04F79EFBC}") = "UnityEngine.UI", "UnityEngine.UI.Player.csproj", "{D8908BD9-4C82-C763-84C9-7E1E31A60626}"
EndProject
Project("{FAE04EC0-301F-11D3-BF4B-00C04F79EFBC}") = "Unity.ProBuilder.Csg", "Unity.ProBuilder.Csg.Player.csproj", "{582FF02E-DA70-DB64-D7AC-E129C50B3D3D}"
EndProject
Project("{FAE04EC0-301F-11D3-BF4B-00C04F79EFBC}") = "Assembly-CSharp", "Assembly-CSharp.Player.csproj", "{386FDCDA-01EB-F31F-1842-4266AC66DAD7}"
EndProject
Project("{FAE04EC0-301F-11D3-BF4B-00C04F79EFBC}") = "Unity.VisualScripting.State", "Unity.VisualScripting.State.Player.csproj", "{98562F09-18E9-9B54-0840-789DAFBD125D}"
EndProject
Project("{FAE04EC0-301F-11D3-BF4B-00C04F79EFBC}") = "Unity.TextMeshPro", "Unity.TextMeshPro.Player.csproj", "{3738CA1E-2F1A-D241-165F-42CC3DEE16A7}"
EndProject
Project("{FAE04EC0-301F-11D3-BF4B-00C04F79EFBC}") = "Unity.ProBuilder.Stl", "Unity.ProBuilder.Stl.Player.csproj", "{374E798C-4E7D-E34B-E3A1-E2443CF95ABB}"
EndProject
Project("{FAE04EC0-301F-11D3-BF4B-00C04F79EFBC}") = "Unity.ProBuilder.KdTree", "Unity.ProBuilder.KdTree.Player.csproj", "{610BD745-A138-42E3-C2D2-41EC72F8736A}"
EndProject
Global
	GlobalSection(SolutionConfigurationPlatforms) = preSolution
		Debug|Any CPU = Debug|Any CPU
		Release|Any CPU = Release|Any CPU
	EndGlobalSection
	GlobalSection(ProjectConfigurationPlatforms) = postSolution
		{98295510-E735-93FC-98CF-BACC7F2CBA87}.Debug|Any CPU.ActiveCfg = Debug|Any CPU
		{98295510-E735-93FC-98CF-BACC7F2CBA87}.Debug|Any CPU.Build.0 = Debug|Any CPU
		{98295510-E735-93FC-98CF-BACC7F2CBA87}.Release|Any CPU.ActiveCfg = Release|Any CPU
		{98295510-E735-93FC-98CF-BACC7F2CBA87}.Release|Any CPU.Build.0 = Release|Any CPU
		{D49E57B0-90ED-00B4-B36E-6D6CF258E5E6}.Debug|Any CPU.ActiveCfg = Debug|Any CPU
		{D49E57B0-90ED-00B4-B36E-6D6CF258E5E6}.Debug|Any CPU.Build.0 = Debug|Any CPU
		{D49E57B0-90ED-00B4-B36E-6D6CF258E5E6}.Release|Any CPU.ActiveCfg = Release|Any CPU
		{D49E57B0-90ED-00B4-B36E-6D6CF258E5E6}.Release|Any CPU.Build.0 = Release|Any CPU
		{EF2E1CFE-839E-C18C-ABAA-65F207418220}.Debug|Any CPU.ActiveCfg = Debug|Any CPU
		{EF2E1CFE-839E-C18C-ABAA-65F207418220}.Debug|Any CPU.Build.0 = Debug|Any CPU
		{EF2E1CFE-839E-C18C-ABAA-65F207418220}.Release|Any CPU.ActiveCfg = Release|Any CPU
		{EF2E1CFE-839E-C18C-ABAA-65F207418220}.Release|Any CPU.Build.0 = Release|Any CPU
		{F3E930EF-A3EA-1C16-A76D-17C38AA41280}.Debug|Any CPU.ActiveCfg = Debug|Any CPU
		{F3E930EF-A3EA-1C16-A76D-17C38AA41280}.Debug|Any CPU.Build.0 = Debug|Any CPU
		{F3E930EF-A3EA-1C16-A76D-17C38AA41280}.Release|Any CPU.ActiveCfg = Release|Any CPU
		{F3E930EF-A3EA-1C16-A76D-17C38AA41280}.Release|Any CPU.Build.0 = Release|Any CPU
		{964BCEB6-7E2B-1FD5-D042-6356927F2D14}.Debug|Any CPU.ActiveCfg = Debug|Any CPU
		{964BCEB6-7E2B-1FD5-D042-6356927F2D14}.Debug|Any CPU.Build.0 = Debug|Any CPU
		{964BCEB6-7E2B-1FD5-D042-6356927F2D14}.Release|Any CPU.ActiveCfg = Release|Any CPU
		{964BCEB6-7E2B-1FD5-D042-6356927F2D14}.Release|Any CPU.Build.0 = Release|Any CPU
		{DDA16936-1FEA-7AAA-5284-F8520F1637D5}.Debug|Any CPU.ActiveCfg = Debug|Any CPU
		{DDA16936-1FEA-7AAA-5284-F8520F1637D5}.Debug|Any CPU.Build.0 = Debug|Any CPU
		{DDA16936-1FEA-7AAA-5284-F8520F1637D5}.Release|Any CPU.ActiveCfg = Release|Any CPU
		{DDA16936-1FEA-7AAA-5284-F8520F1637D5}.Release|Any CPU.Build.0 = Release|Any CPU
		{07C4448A-4476-BEC3-15FF-BFB2713F049A}.Debug|Any CPU.ActiveCfg = Debug|Any CPU
		{07C4448A-4476-BEC3-15FF-BFB2713F049A}.Debug|Any CPU.Build.0 = Debug|Any CPU
		{07C4448A-4476-BEC3-15FF-BFB2713F049A}.Release|Any CPU.ActiveCfg = Release|Any CPU
		{07C4448A-4476-BEC3-15FF-BFB2713F049A}.Release|Any CPU.Build.0 = Release|Any CPU
		{36D95248-73AB-773E-EE55-F2CD5CB165AE}.Debug|Any CPU.ActiveCfg = Debug|Any CPU
		{36D95248-73AB-773E-EE55-F2CD5CB165AE}.Debug|Any CPU.Build.0 = Debug|Any CPU
		{36D95248-73AB-773E-EE55-F2CD5CB165AE}.Release|Any CPU.ActiveCfg = Release|Any CPU
		{36D95248-73AB-773E-EE55-F2CD5CB165AE}.Release|Any CPU.Build.0 = Release|Any CPU
		{C1C88F17-6C91-BD6E-08B3-8E669CEC1B26}.Debug|Any CPU.ActiveCfg = Debug|Any CPU
		{C1C88F17-6C91-BD6E-08B3-8E669CEC1B26}.Debug|Any CPU.Build.0 = Debug|Any CPU
		{C1C88F17-6C91-BD6E-08B3-8E669CEC1B26}.Release|Any CPU.ActiveCfg = Release|Any CPU
		{C1C88F17-6C91-BD6E-08B3-8E669CEC1B26}.Release|Any CPU.Build.0 = Release|Any CPU
		{9B8F0B83-7D62-9CF1-838A-20B424024648}.Debug|Any CPU.ActiveCfg = Debug|Any CPU
		{9B8F0B83-7D62-9CF1-838A-20B424024648}.Debug|Any CPU.Build.0 = Debug|Any CPU
		{9B8F0B83-7D62-9CF1-838A-20B424024648}.Release|Any CPU.ActiveCfg = Release|Any CPU
		{9B8F0B83-7D62-9CF1-838A-20B424024648}.Release|Any CPU.Build.0 = Release|Any CPU
		{AA6F8AFF-992E-15B3-E08C-759480DC1A40}.Debug|Any CPU.ActiveCfg = Debug|Any CPU
		{AA6F8AFF-992E-15B3-E08C-759480DC1A40}.Debug|Any CPU.Build.0 = Debug|Any CPU
		{AA6F8AFF-992E-15B3-E08C-759480DC1A40}.Release|Any CPU.ActiveCfg = Release|Any CPU
		{AA6F8AFF-992E-15B3-E08C-759480DC1A40}.Release|Any CPU.Build.0 = Release|Any CPU
		{CBA9BC35-EC2D-A596-0013-6E8FCFD573F8}.Debug|Any CPU.ActiveCfg = Debug|Any CPU
		{CBA9BC35-EC2D-A596-0013-6E8FCFD573F8}.Debug|Any CPU.Build.0 = Debug|Any CPU
		{CBA9BC35-EC2D-A596-0013-6E8FCFD573F8}.Release|Any CPU.ActiveCfg = Release|Any CPU
		{CBA9BC35-EC2D-A596-0013-6E8FCFD573F8}.Release|Any CPU.Build.0 = Release|Any CPU
		{9697295C-8BC9-00D1-27EA-AA2636770C90}.Debug|Any CPU.ActiveCfg = Debug|Any CPU
		{9697295C-8BC9-00D1-27EA-AA2636770C90}.Debug|Any CPU.Build.0 = Debug|Any CPU
		{9697295C-8BC9-00D1-27EA-AA2636770C90}.Release|Any CPU.ActiveCfg = Release|Any CPU
		{9697295C-8BC9-00D1-27EA-AA2636770C90}.Release|Any CPU.Build.0 = Release|Any CPU
		{1B2F92F7-5F68-57B7-5587-B3A388947A19}.Debug|Any CPU.ActiveCfg = Debug|Any CPU
		{1B2F92F7-5F68-57B7-5587-B3A388947A19}.Debug|Any CPU.Build.0 = Debug|Any CPU
		{1B2F92F7-5F68-57B7-5587-B3A388947A19}.Release|Any CPU.ActiveCfg = Release|Any CPU
		{1B2F92F7-5F68-57B7-5587-B3A388947A19}.Release|Any CPU.Build.0 = Release|Any CPU
		{A696582F-ACD2-7017-82C4-87E87E201FAB}.Debug|Any CPU.ActiveCfg = Debug|Any CPU
		{A696582F-ACD2-7017-82C4-87E87E201FAB}.Debug|Any CPU.Build.0 = Debug|Any CPU
		{A696582F-ACD2-7017-82C4-87E87E201FAB}.Release|Any CPU.ActiveCfg = Release|Any CPU
		{A696582F-ACD2-7017-82C4-87E87E201FAB}.Release|Any CPU.Build.0 = Release|Any CPU
		{6C546F79-A7B6-EEBA-DD49-801A658338EB}.Debug|Any CPU.ActiveCfg = Debug|Any CPU
		{6C546F79-A7B6-EEBA-DD49-801A658338EB}.Debug|Any CPU.Build.0 = Debug|Any CPU
		{6C546F79-A7B6-EEBA-DD49-801A658338EB}.Release|Any CPU.ActiveCfg = Release|Any CPU
		{6C546F79-A7B6-EEBA-DD49-801A658338EB}.Release|Any CPU.Build.0 = Release|Any CPU
		{CAC8909C-C5F3-3F90-A8ED-96430FC164CD}.Debug|Any CPU.ActiveCfg = Debug|Any CPU
		{CAC8909C-C5F3-3F90-A8ED-96430FC164CD}.Debug|Any CPU.Build.0 = Debug|Any CPU
		{CAC8909C-C5F3-3F90-A8ED-96430FC164CD}.Release|Any CPU.ActiveCfg = Release|Any CPU
		{CAC8909C-C5F3-3F90-A8ED-96430FC164CD}.Release|Any CPU.Build.0 = Release|Any CPU
		{D53CD8C8-9614-3896-C3D8-323C33AF1164}.Debug|Any CPU.ActiveCfg = Debug|Any CPU
		{D53CD8C8-9614-3896-C3D8-323C33AF1164}.Debug|Any CPU.Build.0 = Debug|Any CPU
		{D53CD8C8-9614-3896-C3D8-323C33AF1164}.Release|Any CPU.ActiveCfg = Release|Any CPU
		{D53CD8C8-9614-3896-C3D8-323C33AF1164}.Release|Any CPU.Build.0 = Release|Any CPU
		{C727C3BD-A251-30F4-6E75-C30118ABDCED}.Debug|Any CPU.ActiveCfg = Debug|Any CPU
		{C727C3BD-A251-30F4-6E75-C30118ABDCED}.Debug|Any CPU.Build.0 = Debug|Any CPU
		{C727C3BD-A251-30F4-6E75-C30118ABDCED}.Release|Any CPU.ActiveCfg = Release|Any CPU
		{C727C3BD-A251-30F4-6E75-C30118ABDCED}.Release|Any CPU.Build.0 = Release|Any CPU
		{CBA4EE5E-50B9-F6B7-789E-797AE91C14FF}.Debug|Any CPU.ActiveCfg = Debug|Any CPU
		{CBA4EE5E-50B9-F6B7-789E-797AE91C14FF}.Debug|Any CPU.Build.0 = Debug|Any CPU
		{CBA4EE5E-50B9-F6B7-789E-797AE91C14FF}.Release|Any CPU.ActiveCfg = Release|Any CPU
		{CBA4EE5E-50B9-F6B7-789E-797AE91C14FF}.Release|Any CPU.Build.0 = Release|Any CPU
		{319E5AA9-BCD7-BE03-9450-0032D0397AAF}.Debug|Any CPU.ActiveCfg = Debug|Any CPU
		{319E5AA9-BCD7-BE03-9450-0032D0397AAF}.Debug|Any CPU.Build.0 = Debug|Any CPU
		{319E5AA9-BCD7-BE03-9450-0032D0397AAF}.Release|Any CPU.ActiveCfg = Release|Any CPU
		{319E5AA9-BCD7-BE03-9450-0032D0397AAF}.Release|Any CPU.Build.0 = Release|Any CPU
		{32F57F57-F134-8DC4-E616-1E7B55C86FA2}.Debug|Any CPU.ActiveCfg = Debug|Any CPU
		{32F57F57-F134-8DC4-E616-1E7B55C86FA2}.Debug|Any CPU.Build.0 = Debug|Any CPU
		{32F57F57-F134-8DC4-E616-1E7B55C86FA2}.Release|Any CPU.ActiveCfg = Release|Any CPU
		{32F57F57-F134-8DC4-E616-1E7B55C86FA2}.Release|Any CPU.Build.0 = Release|Any CPU
		{2F64155D-C7ED-0F3E-51B3-7A25918BA0AD}.Debug|Any CPU.ActiveCfg = Debug|Any CPU
		{2F64155D-C7ED-0F3E-51B3-7A25918BA0AD}.Debug|Any CPU.Build.0 = Debug|Any CPU
		{2F64155D-C7ED-0F3E-51B3-7A25918BA0AD}.Release|Any CPU.ActiveCfg = Release|Any CPU
		{2F64155D-C7ED-0F3E-51B3-7A25918BA0AD}.Release|Any CPU.Build.0 = Release|Any CPU
		{1ECCDCA4-473D-54E7-831D-BA6F5204F30E}.Debug|Any CPU.ActiveCfg = Debug|Any CPU
		{1ECCDCA4-473D-54E7-831D-BA6F5204F30E}.Debug|Any CPU.Build.0 = Debug|Any CPU
		{1ECCDCA4-473D-54E7-831D-BA6F5204F30E}.Release|Any CPU.ActiveCfg = Release|Any CPU
		{1ECCDCA4-473D-54E7-831D-BA6F5204F30E}.Release|Any CPU.Build.0 = Release|Any CPU
		{4AEA3E96-61AA-E1D4-C398-FC23E9C65314}.Debug|Any CPU.ActiveCfg = Debug|Any CPU
		{4AEA3E96-61AA-E1D4-C398-FC23E9C65314}.Debug|Any CPU.Build.0 = Debug|Any CPU
		{4AEA3E96-61AA-E1D4-C398-FC23E9C65314}.Release|Any CPU.ActiveCfg = Release|Any CPU
		{4AEA3E96-61AA-E1D4-C398-FC23E9C65314}.Release|Any CPU.Build.0 = Release|Any CPU
		{7DDFC908-4D12-9DE6-6904-662EC12C9AF2}.Debug|Any CPU.ActiveCfg = Debug|Any CPU
		{7DDFC908-4D12-9DE6-6904-662EC12C9AF2}.Debug|Any CPU.Build.0 = Debug|Any CPU
		{7DDFC908-4D12-9DE6-6904-662EC12C9AF2}.Release|Any CPU.ActiveCfg = Release|Any CPU
		{7DDFC908-4D12-9DE6-6904-662EC12C9AF2}.Release|Any CPU.Build.0 = Release|Any CPU
		{5739F579-6197-E386-D512-AED9D5B303CE}.Debug|Any CPU.ActiveCfg = Debug|Any CPU
		{5739F579-6197-E386-D512-AED9D5B303CE}.Debug|Any CPU.Build.0 = Debug|Any CPU
		{5739F579-6197-E386-D512-AED9D5B303CE}.Release|Any CPU.ActiveCfg = Release|Any CPU
		{5739F579-6197-E386-D512-AED9D5B303CE}.Release|Any CPU.Build.0 = Release|Any CPU
		{A3E60BDF-E29F-E091-E733-A7C5A7C4F221}.Debug|Any CPU.ActiveCfg = Debug|Any CPU
		{A3E60BDF-E29F-E091-E733-A7C5A7C4F221}.Debug|Any CPU.Build.0 = Debug|Any CPU
		{A3E60BDF-E29F-E091-E733-A7C5A7C4F221}.Release|Any CPU.ActiveCfg = Release|Any CPU
		{A3E60BDF-E29F-E091-E733-A7C5A7C4F221}.Release|Any CPU.Build.0 = Release|Any CPU
		{B9D0E87E-8EB4-28F7-DE05-F9219C5E9679}.Debug|Any CPU.ActiveCfg = Debug|Any CPU
		{B9D0E87E-8EB4-28F7-DE05-F9219C5E9679}.Debug|Any CPU.Build.0 = Debug|Any CPU
		{B9D0E87E-8EB4-28F7-DE05-F9219C5E9679}.Release|Any CPU.ActiveCfg = Release|Any CPU
		{B9D0E87E-8EB4-28F7-DE05-F9219C5E9679}.Release|Any CPU.Build.0 = Release|Any CPU
		{AB416908-F970-E274-5BC2-577F21E2B9BD}.Debug|Any CPU.ActiveCfg = Debug|Any CPU
		{AB416908-F970-E274-5BC2-577F21E2B9BD}.Debug|Any CPU.Build.0 = Debug|Any CPU
		{AB416908-F970-E274-5BC2-577F21E2B9BD}.Release|Any CPU.ActiveCfg = Release|Any CPU
		{AB416908-F970-E274-5BC2-577F21E2B9BD}.Release|Any CPU.Build.0 = Release|Any CPU
		{5D8D14CB-271D-C212-24B4-CB7E3275CB3A}.Debug|Any CPU.ActiveCfg = Debug|Any CPU
		{5D8D14CB-271D-C212-24B4-CB7E3275CB3A}.Debug|Any CPU.Build.0 = Debug|Any CPU
		{5D8D14CB-271D-C212-24B4-CB7E3275CB3A}.Release|Any CPU.ActiveCfg = Release|Any CPU
		{5D8D14CB-271D-C212-24B4-CB7E3275CB3A}.Release|Any CPU.Build.0 = Release|Any CPU
		{93D2F01E-EB02-2B98-2CDD-F0F9CEDDEE5C}.Debug|Any CPU.ActiveCfg = Debug|Any CPU
		{93D2F01E-EB02-2B98-2CDD-F0F9CEDDEE5C}.Debug|Any CPU.Build.0 = Debug|Any CPU
		{93D2F01E-EB02-2B98-2CDD-F0F9CEDDEE5C}.Release|Any CPU.ActiveCfg = Release|Any CPU
		{93D2F01E-EB02-2B98-2CDD-F0F9CEDDEE5C}.Release|Any CPU.Build.0 = Release|Any CPU
		{2801FA2D-CC90-5B59-C2F1-CDEC87DF4FD0}.Debug|Any CPU.ActiveCfg = Debug|Any CPU
		{2801FA2D-CC90-5B59-C2F1-CDEC87DF4FD0}.Debug|Any CPU.Build.0 = Debug|Any CPU
		{2801FA2D-CC90-5B59-C2F1-CDEC87DF4FD0}.Release|Any CPU.ActiveCfg = Release|Any CPU
		{2801FA2D-CC90-5B59-C2F1-CDEC87DF4FD0}.Release|Any CPU.Build.0 = Release|Any CPU
		{926AEE7F-1AFA-E035-C463-52D9DDBA1EFD}.Debug|Any CPU.ActiveCfg = Debug|Any CPU
		{926AEE7F-1AFA-E035-C463-52D9DDBA1EFD}.Debug|Any CPU.Build.0 = Debug|Any CPU
		{926AEE7F-1AFA-E035-C463-52D9DDBA1EFD}.Release|Any CPU.ActiveCfg = Release|Any CPU
		{926AEE7F-1AFA-E035-C463-52D9DDBA1EFD}.Release|Any CPU.Build.0 = Release|Any CPU
		{83A58FFC-1A79-CAF8-167B-428191600B0A}.Debug|Any CPU.ActiveCfg = Debug|Any CPU
		{83A58FFC-1A79-CAF8-167B-428191600B0A}.Debug|Any CPU.Build.0 = Debug|Any CPU
		{83A58FFC-1A79-CAF8-167B-428191600B0A}.Release|Any CPU.ActiveCfg = Release|Any CPU
		{83A58FFC-1A79-CAF8-167B-428191600B0A}.Release|Any CPU.Build.0 = Release|Any CPU
		{701D0E22-B1F4-4752-4E17-072D5EA27860}.Debug|Any CPU.ActiveCfg = Debug|Any CPU
		{701D0E22-B1F4-4752-4E17-072D5EA27860}.Debug|Any CPU.Build.0 = Debug|Any CPU
		{701D0E22-B1F4-4752-4E17-072D5EA27860}.Release|Any CPU.ActiveCfg = Release|Any CPU
		{701D0E22-B1F4-4752-4E17-072D5EA27860}.Release|Any CPU.Build.0 = Release|Any CPU
		{085CD5CF-232D-FD6B-A222-6C80BAA26426}.Debug|Any CPU.ActiveCfg = Debug|Any CPU
		{085CD5CF-232D-FD6B-A222-6C80BAA26426}.Debug|Any CPU.Build.0 = Debug|Any CPU
		{085CD5CF-232D-FD6B-A222-6C80BAA26426}.Release|Any CPU.ActiveCfg = Release|Any CPU
		{085CD5CF-232D-FD6B-A222-6C80BAA26426}.Release|Any CPU.Build.0 = Release|Any CPU
		{DED3FFC8-CAAB-6149-369D-98D0E9FCC2FC}.Debug|Any CPU.ActiveCfg = Debug|Any CPU
		{DED3FFC8-CAAB-6149-369D-98D0E9FCC2FC}.Debug|Any CPU.Build.0 = Debug|Any CPU
		{DED3FFC8-CAAB-6149-369D-98D0E9FCC2FC}.Release|Any CPU.ActiveCfg = Release|Any CPU
		{DED3FFC8-CAAB-6149-369D-98D0E9FCC2FC}.Release|Any CPU.Build.0 = Release|Any CPU
		{8A695EA1-E641-9A0B-A437-9355B6DD43BE}.Debug|Any CPU.ActiveCfg = Debug|Any CPU
		{8A695EA1-E641-9A0B-A437-9355B6DD43BE}.Debug|Any CPU.Build.0 = Debug|Any CPU
		{8A695EA1-E641-9A0B-A437-9355B6DD43BE}.Release|Any CPU.ActiveCfg = Release|Any CPU
		{8A695EA1-E641-9A0B-A437-9355B6DD43BE}.Release|Any CPU.Build.0 = Release|Any CPU
		{684CFAC4-00EC-115F-C93E-106868493D77}.Debug|Any CPU.ActiveCfg = Debug|Any CPU
		{684CFAC4-00EC-115F-C93E-106868493D77}.Debug|Any CPU.Build.0 = Debug|Any CPU
		{684CFAC4-00EC-115F-C93E-106868493D77}.Release|Any CPU.ActiveCfg = Release|Any CPU
		{684CFAC4-00EC-115F-C93E-106868493D77}.Release|Any CPU.Build.0 = Release|Any CPU
		{851B7D75-5EF1-874E-0E9E-4C2E740D2919}.Debug|Any CPU.ActiveCfg = Debug|Any CPU
		{851B7D75-5EF1-874E-0E9E-4C2E740D2919}.Debug|Any CPU.Build.0 = Debug|Any CPU
		{851B7D75-5EF1-874E-0E9E-4C2E740D2919}.Release|Any CPU.ActiveCfg = Release|Any CPU
		{851B7D75-5EF1-874E-0E9E-4C2E740D2919}.Release|Any CPU.Build.0 = Release|Any CPU
		{AB5F8C19-B0DF-4702-44B3-F9CF2D25C92D}.Debug|Any CPU.ActiveCfg = Debug|Any CPU
		{AB5F8C19-B0DF-4702-44B3-F9CF2D25C92D}.Debug|Any CPU.Build.0 = Debug|Any CPU
		{AB5F8C19-B0DF-4702-44B3-F9CF2D25C92D}.Release|Any CPU.ActiveCfg = Release|Any CPU
		{AB5F8C19-B0DF-4702-44B3-F9CF2D25C92D}.Release|Any CPU.Build.0 = Release|Any CPU
		{1C93D5B6-3F34-ACB8-0043-A2583CD9AC58}.Debug|Any CPU.ActiveCfg = Debug|Any CPU
		{1C93D5B6-3F34-ACB8-0043-A2583CD9AC58}.Debug|Any CPU.Build.0 = Debug|Any CPU
		{1C93D5B6-3F34-ACB8-0043-A2583CD9AC58}.Release|Any CPU.ActiveCfg = Release|Any CPU
		{1C93D5B6-3F34-ACB8-0043-A2583CD9AC58}.Release|Any CPU.Build.0 = Release|Any CPU
		{4EA36E24-EB97-72A7-17C5-C54EB8EF4A13}.Debug|Any CPU.ActiveCfg = Debug|Any CPU
		{4EA36E24-EB97-72A7-17C5-C54EB8EF4A13}.Debug|Any CPU.Build.0 = Debug|Any CPU
		{4EA36E24-EB97-72A7-17C5-C54EB8EF4A13}.Release|Any CPU.ActiveCfg = Release|Any CPU
		{4EA36E24-EB97-72A7-17C5-C54EB8EF4A13}.Release|Any CPU.Build.0 = Release|Any CPU
		{2C39879B-B3E5-366B-8770-5638A5DFCC9D}.Debug|Any CPU.ActiveCfg = Debug|Any CPU
		{2C39879B-B3E5-366B-8770-5638A5DFCC9D}.Debug|Any CPU.Build.0 = Debug|Any CPU
		{2C39879B-B3E5-366B-8770-5638A5DFCC9D}.Release|Any CPU.ActiveCfg = Release|Any CPU
		{2C39879B-B3E5-366B-8770-5638A5DFCC9D}.Release|Any CPU.Build.0 = Release|Any CPU
		{D8908BD9-4C82-C763-84C9-7E1E31A60626}.Debug|Any CPU.ActiveCfg = Debug|Any CPU
		{D8908BD9-4C82-C763-84C9-7E1E31A60626}.Debug|Any CPU.Build.0 = Debug|Any CPU
		{D8908BD9-4C82-C763-84C9-7E1E31A60626}.Release|Any CPU.ActiveCfg = Release|Any CPU
		{D8908BD9-4C82-C763-84C9-7E1E31A60626}.Release|Any CPU.Build.0 = Release|Any CPU
		{582FF02E-DA70-DB64-D7AC-E129C50B3D3D}.Debug|Any CPU.ActiveCfg = Debug|Any CPU
		{582FF02E-DA70-DB64-D7AC-E129C50B3D3D}.Debug|Any CPU.Build.0 = Debug|Any CPU
		{582FF02E-DA70-DB64-D7AC-E129C50B3D3D}.Release|Any CPU.ActiveCfg = Release|Any CPU
		{582FF02E-DA70-DB64-D7AC-E129C50B3D3D}.Release|Any CPU.Build.0 = Release|Any CPU
		{386FDCDA-01EB-F31F-1842-4266AC66DAD7}.Debug|Any CPU.ActiveCfg = Debug|Any CPU
		{386FDCDA-01EB-F31F-1842-4266AC66DAD7}.Debug|Any CPU.Build.0 = Debug|Any CPU
		{386FDCDA-01EB-F31F-1842-4266AC66DAD7}.Release|Any CPU.ActiveCfg = Release|Any CPU
		{386FDCDA-01EB-F31F-1842-4266AC66DAD7}.Release|Any CPU.Build.0 = Release|Any CPU
		{98562F09-18E9-9B54-0840-789DAFBD125D}.Debug|Any CPU.ActiveCfg = Debug|Any CPU
		{98562F09-18E9-9B54-0840-789DAFBD125D}.Debug|Any CPU.Build.0 = Debug|Any CPU
		{98562F09-18E9-9B54-0840-789DAFBD125D}.Release|Any CPU.ActiveCfg = Release|Any CPU
		{98562F09-18E9-9B54-0840-789DAFBD125D}.Release|Any CPU.Build.0 = Release|Any CPU
		{3738CA1E-2F1A-D241-165F-42CC3DEE16A7}.Debug|Any CPU.ActiveCfg = Debug|Any CPU
		{3738CA1E-2F1A-D241-165F-42CC3DEE16A7}.Debug|Any CPU.Build.0 = Debug|Any CPU
		{3738CA1E-2F1A-D241-165F-42CC3DEE16A7}.Release|Any CPU.ActiveCfg = Release|Any CPU
		{3738CA1E-2F1A-D241-165F-42CC3DEE16A7}.Release|Any CPU.Build.0 = Release|Any CPU
		{374E798C-4E7D-E34B-E3A1-E2443CF95ABB}.Debug|Any CPU.ActiveCfg = Debug|Any CPU
		{374E798C-4E7D-E34B-E3A1-E2443CF95ABB}.Debug|Any CPU.Build.0 = Debug|Any CPU
		{374E798C-4E7D-E34B-E3A1-E2443CF95ABB}.Release|Any CPU.ActiveCfg = Release|Any CPU
		{374E798C-4E7D-E34B-E3A1-E2443CF95ABB}.Release|Any CPU.Build.0 = Release|Any CPU
		{610BD745-A138-42E3-C2D2-41EC72F8736A}.Debug|Any CPU.ActiveCfg = Debug|Any CPU
		{610BD745-A138-42E3-C2D2-41EC72F8736A}.Debug|Any CPU.Build.0 = Debug|Any CPU
		{610BD745-A138-42E3-C2D2-41EC72F8736A}.Release|Any CPU.ActiveCfg = Release|Any CPU
		{610BD745-A138-42E3-C2D2-41EC72F8736A}.Release|Any CPU.Build.0 = Release|Any CPU
	EndGlobalSection
	GlobalSection(SolutionProperties) = preSolution
		HideSolutionNode = FALSE
	EndGlobalSection
EndGlobal
